
Microsoft Visual Studio Solution File, Format Version 12.00
# Visual Studio Version 17
VisualStudioVersion = 17.5.33627.172
MinimumVisualStudioVersion = 10.0.40219.1
Project("{2150E333-8FDC-42A3-9474-1A3956D46DE8}") = "Services", "Services", "{7E435779-E80D-44B6-8FED-93D27813C744}"
EndProject
Project("{2150E333-8FDC-42A3-9474-1A3956D46DE8}") = "Catalog", "Catalog", "{F36F39A7-03CB-4007-92A4-2CD2454519B2}"
EndProject
Project("{9A19103F-16F7-4668-BE54-9A1E7A4F7556}") = "Catalog.API", "Services\Catalog\Catalog.API\Catalog.API.csproj", "{FB523686-3DA1-4E32-8927-34B295D35B6E}"
EndProject
Project("{E53339B2-1760-4266-BCC7-CA923CBCF16C}") = "docker-compose", "docker-compose.dcproj", "{CCE76BEE-97AF-483F-B696-9325E634A6EB}"
EndProject
Global
	GlobalSection(SolutionConfigurationPlatforms) = preSolution
		Debug|Any CPU = Debug|Any CPU
		Release|Any CPU = Release|Any CPU
	EndGlobalSection
	GlobalSection(ProjectConfigurationPlatforms) = postSolution
		{FB523686-3DA1-4E32-8927-34B295D35B6E}.Debug|Any CPU.ActiveCfg = Debug|Any CPU
		{FB523686-3DA1-4E32-8927-34B295D35B6E}.Debug|Any CPU.Build.0 = Debug|Any CPU
		{FB523686-3DA1-4E32-8927-34B295D35B6E}.Release|Any CPU.ActiveCfg = Release|Any CPU
		{FB523686-3DA1-4E32-8927-34B295D35B6E}.Release|Any CPU.Build.0 = Release|Any CPU
		{CCE76BEE-97AF-483F-B696-9325E634A6EB}.Debug|Any CPU.ActiveCfg = Debug|Any CPU
		{CCE76BEE-97AF-483F-B696-9325E634A6EB}.Debug|Any CPU.Build.0 = Debug|Any CPU
		{CCE76BEE-97AF-483F-B696-9325E634A6EB}.Release|Any CPU.ActiveCfg = Release|Any CPU
		{CCE76BEE-97AF-483F-B696-9325E634A6EB}.Release|Any CPU.Build.0 = Release|Any CPU
	EndGlobalSection
	GlobalSection(SolutionProperties) = preSolution
		HideSolutionNode = FALSE
	EndGlobalSection
	GlobalSection(NestedProjects) = preSolution
		{F36F39A7-03CB-4007-92A4-2CD2454519B2} = {7E435779-E80D-44B6-8FED-93D27813C744}
		{FB523686-3DA1-4E32-8927-34B295D35B6E} = {F36F39A7-03CB-4007-92A4-2CD2454519B2}
	EndGlobalSection
	GlobalSection(ExtensibilityGlobals) = postSolution
		SolutionGuid = {419D2EB4-3F93-456B-AA16-82FC05E6E489}
	EndGlobalSection
EndGlobal
